// !$*UTF8*$!
{
	archiveVersion = 1;
	classes = {
	};
	objectVersion = 46;
	objects = {

/* Begin PBXBuildFile section */
		62034B1819D0538E005EAA59 /* main.m in Sources */ = {isa = PBXBuildFile; fileRef = 62034B1719D0538E005EAA59 /* main.m */; };
		62034B1B19D0538E005EAA59 /* AppDelegate.m in Sources */ = {isa = PBXBuildFile; fileRef = 62034B1A19D0538E005EAA59 /* AppDelegate.m */; };
		62034B1E19D0538E005EAA59 /* ViewController.m in Sources */ = {isa = PBXBuildFile; fileRef = 62034B1D19D0538E005EAA59 /* ViewController.m */; };
		62034B2119D0538E005EAA59 /* Main.storyboard in Resources */ = {isa = PBXBuildFile; fileRef = 62034B1F19D0538E005EAA59 /* Main.storyboard */; };
		62034B2319D0538E005EAA59 /* Images.xcassets in Resources */ = {isa = PBXBuildFile; fileRef = 62034B2219D0538E005EAA59 /* Images.xcassets */; };
		62034B2619D0538E005EAA59 /* LaunchScreen.xib in Resources */ = {isa = PBXBuildFile; fileRef = 62034B2419D0538E005EAA59 /* LaunchScreen.xib */; };
		62034B3219D0538E005EAA59 /* UITableViewController_Challenge_SolutionTests.m in Sources */ = {isa = PBXBuildFile; fileRef = 62034B3119D0538E005EAA59 /* UITableViewController_Challenge_SolutionTests.m */; };
/* End PBXBuildFile section */

/* Begin PBXContainerItemProxy section */
		62034B2C19D0538E005EAA59 /* PBXContainerItemProxy */ = {
			isa = PBXContainerItemProxy;
			containerPortal = 62034B0A19D0538E005EAA59 /* Project object */;
			proxyType = 1;
			remoteGlobalIDString = 62034B1119D0538E005EAA59;
			remoteInfo = "UITableViewController Challenge Solution";
		};
/* End PBXContainerItemProxy section */

/* Begin PBXFileReference section */
		62034B1219D0538E005EAA59 /* UITableViewController Challenge Solution.app */ = {isa = PBXFileReference; explicitFileType = wrapper.application; includeInIndex = 0; path = "UITableViewController Challenge Solution.app"; sourceTree = BUILT_PRODUCTS_DIR; };
		62034B1619D0538E005EAA59 /* Info.plist */ = {isa = PBXFileReference; lastKnownFileType = text.plist.xml; path = Info.plist; sourceTree = "<group>"; };
		62034B1719D0538E005EAA59 /* main.m */ = {isa = PBXFileReference; lastKnownFileType = sourcecode.c.objc; path = main.m; sourceTree = "<group>"; };
		62034B1919D0538E005EAA59 /* AppDelegate.h */ = {isa = PBXFileReference; lastKnownFileType = sourcecode.c.h; path = AppDelegate.h; sourceTree = "<group>"; };
		62034B1A19D0538E005EAA59 /* AppDelegate.m */ = {isa = PBXFileReference; lastKnownFileType = sourcecode.c.objc; path = AppDelegate.m; sourceTree = "<group>"; };
		62034B1C19D0538E005EAA59 /* ViewController.h */ = {isa = PBXFileReference; lastKnownFileType = sourcecode.c.h; path = ViewController.h; sourceTree = "<group>"; };
		62034B1D19D0538E005EAA59 /* ViewController.m */ = {isa = PBXFileReference; lastKnownFileType = sourcecode.c.objc; path = ViewController.m; sourceTree = "<group>"; };
		62034B2019D0538E005EAA59 /* Base */ = {isa = PBXFileReference; lastKnownFileType = file.storyboard; name = Base; path = Base.lproj/Main.storyboard; sourceTree = "<group>"; };
		62034B2219D0538E005EAA59 /* Images.xcassets */ = {isa = PBXFileReference; lastKnownFileType = folder.assetcatalog; path = Images.xcassets; sourceTree = "<group>"; };
		62034B2519D0538E005EAA59 /* Base */ = {isa = PBXFileReference; lastKnownFileType = file.xib; name = Base; path = Base.lproj/LaunchScreen.xib; sourceTree = "<group>"; };
		62034B2B19D0538E005EAA59 /* UITableViewController Challenge SolutionTests.xctest */ = {isa = PBXFileReference; explicitFileType = wrapper.cfbundle; includeInIndex = 0; path = "UITableViewController Challenge SolutionTests.xctest"; sourceTree = BUILT_PRODUCTS_DIR; };
		62034B3019D0538E005EAA59 /* Info.plist */ = {isa = PBXFileReference; lastKnownFileType = text.plist.xml; path = Info.plist; sourceTree = "<group>"; };
		62034B3119D0538E005EAA59 /* UITableViewController_Challenge_SolutionTests.m */ = {isa = PBXFileReference; lastKnownFileType = sourcecode.c.objc; path = UITableViewController_Challenge_SolutionTests.m; sourceTree = "<group>"; };
/* End PBXFileReference section */

/* Begin PBXFrameworksBuildPhase section */
		62034B0F19D0538E005EAA59 /* Frameworks */ = {
			isa = PBXFrameworksBuildPhase;
			buildActionMask = 2147483647;
			files = (
			);
			runOnlyForDeploymentPostprocessing = 0;
		};
		62034B2819D0538E005EAA59 /* Frameworks */ = {
			isa = PBXFrameworksBuildPhase;
			buildActionMask = 2147483647;
			files = (
			);
			runOnlyForDeploymentPostprocessing = 0;
		};
/* End PBXFrameworksBuildPhase section */

/* Begin PBXGroup section */
		62034B0919D0538E005EAA59 = {
			isa = PBXGroup;
			children = (
				62034B1419D0538E005EAA59 /* UITableViewController Challenge Solution */,
				62034B2E19D0538E005EAA59 /* UITableViewController Challenge SolutionTests */,
				62034B1319D0538E005EAA59 /* Products */,
			);
			sourceTree = "<group>";
		};
		62034B1319D0538E005EAA59 /* Products */ = {
			isa = PBXGroup;
			children = (
				62034B1219D0538E005EAA59 /* UITableViewController Challenge Solution.app */,
				62034B2B19D0538E005EAA59 /* UITableViewController Challenge SolutionTests.xctest */,
			);
			name = Products;
			sourceTree = "<group>";
		};
		62034B1419D0538E005EAA59 /* UITableViewController Challenge Solution */ = {
			isa = PBXGroup;
			children = (
				62034B1919D0538E005EAA59 /* AppDelegate.h */,
				62034B1A19D0538E005EAA59 /* AppDelegate.m */,
				62034B1C19D0538E005EAA59 /* ViewController.h */,
				62034B1D19D0538E005EAA59 /* ViewController.m */,
				62034B1F19D0538E005EAA59 /* Main.storyboard */,
				62034B2219D0538E005EAA59 /* Images.xcassets */,
				62034B2419D0538E005EAA59 /* LaunchScreen.xib */,
				62034B1519D0538E005EAA59 /* Supporting Files */,
			);
			path = "UITableViewController Challenge Solution";
			sourceTree = "<group>";
		};
		62034B1519D0538E005EAA59 /* Supporting Files */ = {
			isa = PBXGroup;
			children = (
				62034B1619D0538E005EAA59 /* Info.plist */,
				62034B1719D0538E005EAA59 /* main.m */,
			);
			name = "Supporting Files";
			sourceTree = "<group>";
		};
		62034B2E19D0538E005EAA59 /* UITableViewController Challenge SolutionTests */ = {
			isa = PBXGroup;
			children = (
				62034B3119D0538E005EAA59 /* UITableViewController_Challenge_SolutionTests.m */,
				62034B2F19D0538E005EAA59 /* Supporting Files */,
			);
			path = "UITableViewController Challenge SolutionTests";
			sourceTree = "<group>";
		};
		62034B2F19D0538E005EAA59 /* Supporting Files */ = {
			isa = PBXGroup;
			children = (
				62034B3019D0538E005EAA59 /* Info.plist */,
			);
			name = "Supporting Files";
			sourceTree = "<group>";
		};
/* End PBXGroup section */

/* Begin PBXNativeTarget section */
		62034B1119D0538E005EAA59 /* UITableViewController Challenge Solution */ = {
			isa = PBXNativeTarget;
			buildConfigurationList = 62034B3519D0538E005EAA59 /* Build configuration list for PBXNativeTarget "UITableViewController Challenge Solution" */;
			buildPhases = (
				62034B0E19D0538E005EAA59 /* Sources */,
				62034B0F19D0538E005EAA59 /* Frameworks */,
				62034B1019D0538E005EAA59 /* Resources */,
			);
			buildRules = (
			);
			dependencies = (
			);
			name = "UITableViewController Challenge Solution";
			productName = "UITableViewController Challenge Solution";
			productReference = 62034B1219D0538E005EAA59 /* UITableViewController Challenge Solution.app */;
			productType = "com.apple.product-type.application";
		};
		62034B2A19D0538E005EAA59 /* UITableViewController Challenge SolutionTests */ = {
			isa = PBXNativeTarget;
			buildConfigurationList = 62034B3819D0538E005EAA59 /* Build configuration list for PBXNativeTarget "UITableViewController Challenge SolutionTests" */;
			buildPhases = (
				62034B2719D0538E005EAA59 /* Sources */,
				62034B2819D0538E005EAA59 /* Frameworks */,
				62034B2919D0538E005EAA59 /* Resources */,
			);
			buildRules = (
			);
			dependencies = (
				62034B2D19D0538E005EAA59 /* PBXTargetDependency */,
			);
			name = "UITableViewController Challenge SolutionTests";
			productName = "UITableViewController Challenge SolutionTests";
			productReference = 62034B2B19D0538E005EAA59 /* UITableViewController Challenge SolutionTests.xctest */;
			productType = "com.apple.product-type.bundle.unit-test";
		};
/* End PBXNativeTarget section */

/* Begin PBXProject section */
		62034B0A19D0538E005EAA59 /* Project object */ = {
			isa = PBXProject;
			attributes = {
				LastUpgradeCheck = 0600;
				ORGANIZATIONNAME = Organsiation;
				TargetAttributes = {
					62034B1119D0538E005EAA59 = {
						CreatedOnToolsVersion = 6.0.1;
					};
					62034B2A19D0538E005EAA59 = {
						CreatedOnToolsVersion = 6.0.1;
						TestTargetID = 62034B1119D0538E005EAA59;
					};
				};
			};
			buildConfigurationList = 62034B0D19D0538E005EAA59 /* Build configuration list for PBXProject "UITableViewController Challenge Solution" */;
			compatibilityVersion = "Xcode 3.2";
			developmentRegion = English;
			hasScannedForEncodings = 0;
			knownRegions = (
				en,
				Base,
			);
			mainGroup = 62034B0919D0538E005EAA59;
			productRefGroup = 62034B1319D0538E005EAA59 /* Products */;
			projectDirPath = "";
			projectRoot = "";
			targets = (
				62034B1119D0538E005EAA59 /* UITableViewController Challenge Solution */,
				62034B2A19D0538E005EAA59 /* UITableViewController Challenge SolutionTests */,
			);
		};
/* End PBXProject section */

/* Begin PBXResourcesBuildPhase section */
		62034B1019D0538E005EAA59 /* Resources */ = {
			isa = PBXResourcesBuildPhase;
			buildActionMask = 2147483647;
			files = (
				62034B2119D0538E005EAA59 /* Main.storyboard in Resources */,
				62034B2619D0538E005EAA59 /* LaunchScreen.xib in Resources */,
				62034B2319D0538E005EAA59 /* Images.xcassets in Resources */,
			);
			runOnlyForDeploymentPostprocessing = 0;
		};
		62034B2919D0538E005EAA59 /* Resources */ = {
			isa = PBXResourcesBuildPhase;
			buildActionMask = 2147483647;
			files = (
			);
			runOnlyForDeploymentPostprocessing = 0;
		};
/* End PBXResourcesBuildPhase section */

/* Begin PBXSourcesBuildPhase section */
		62034B0E19D0538E005EAA59 /* Sources */ = {
			isa = PBXSourcesBuildPhase;
			buildActionMask = 2147483647;
			files = (
				62034B1E19D0538E005EAA59 /* ViewController.m in Sources */,
				62034B1B19D0538E005EAA59 /* AppDelegate.m in Sources */,
				62034B1819D0538E005EAA59 /* main.m in Sources */,
			);
			runOnlyForDeploymentPostprocessing = 0;
		};
		62034B2719D0538E005EAA59 /* Sources */ = {
			isa = PBXSourcesBuildPhase;
			buildActionMask = 2147483647;
			files = (
				62034B3219D0538E005EAA59 /* UITableViewController_Challenge_SolutionTests.m in Sources */,
			);
			runOnlyForDeploymentPostprocessing = 0;
		};
/* End PBXSourcesBuildPhase section */

/* Begin PBXTargetDependency section */
		62034B2D19D0538E005EAA59 /* PBXTargetDependency */ = {
			isa = PBXTargetDependency;
			target = 62034B1119D0538E005EAA59 /* UITableViewController Challenge Solution */;
			targetProxy = 62034B2C19D0538E005EAA59 /* PBXContainerItemProxy */;
		};
/* End PBXTargetDependency section */

/* Begin PBXVariantGroup section */
		62034B1F19D0538E005EAA59 /* Main.storyboard */ = {
			isa = PBXVariantGroup;
			children = (
				62034B2019D0538E005EAA59 /* Base */,
			);
			name = Main.storyboard;
			sourceTree = "<group>";
		};
		62034B2419D0538E005EAA59 /* LaunchScreen.xib */ = {
			isa = PBXVariantGroup;
			children = (
				62034B2519D0538E005EAA59 /* Base */,
			);
			name = LaunchScreen.xib;
			sourceTree = "<group>";
		};
/* End PBXVariantGroup section */

/* Begin XCBuildConfiguration section */
		62034B3319D0538E005EAA59 /* Debug */ = {
			isa = XCBuildConfiguration;
			buildSettings = {
				ALWAYS_SEARCH_USER_PATHS = NO;
				CLANG_CXX_LANGUAGE_STANDARD = "gnu++0x";
				CLANG_CXX_LIBRARY = "libc++";
				CLANG_ENABLE_MODULES = YES;
				CLANG_ENABLE_OBJC_ARC = YES;
				CLANG_WARN_BOOL_CONVERSION = YES;
				CLANG_WARN_CONSTANT_CONVERSION = YES;
				CLANG_WARN_DIRECT_OBJC_ISA_USAGE = YES_ERROR;
				CLANG_WARN_EMPTY_BODY = YES;
				CLANG_WARN_ENUM_CONVERSION = YES;
				CLANG_WARN_INT_CONVERSION = YES;
				CLANG_WARN_OBJC_ROOT_CLASS = YES_ERROR;
				CLANG_WARN_UNREACHABLE_CODE = YES;
				CLANG_WARN__DUPLICATE_METHOD_MATCH = YES;
				"CODE_SIGN_IDENTITY[sdk=iphoneos*]" = "iPhone Developer";
				COPY_PHASE_STRIP = NO;
				ENABLE_STRICT_OBJC_MSGSEND = YES;
				GCC_C_LANGUAGE_STANDARD = gnu99;
				GCC_DYNAMIC_NO_PIC = NO;
				GCC_OPTIMIZATION_LEVEL = 0;
				GCC_PREPROCESSOR_DEFINITIONS = (
					"DEBUG=1",
					"$(inherited)",
				);
				GCC_SYMBOLS_PRIVATE_EXTERN = NO;
				GCC_WARN_64_TO_32_BIT_CONVERSION = YES;
				GCC_WARN_ABOUT_RETURN_TYPE = YES_ERROR;
				GCC_WARN_UNDECLARED_SELECTOR = YES;
				GCC_WARN_UNINITIALIZED_AUTOS = YES_AGGRESSIVE;
				GCC_WARN_UNUSED_FUNCTION = YES;
				GCC_WARN_UNUSED_VARIABLE = YES;
				IPHONEOS_DEPLOYMENT_TARGET = 8.0;
				MTL_ENABLE_DEBUG_INFO = YES;
				ONLY_ACTIVE_ARCH = YES;
				SDKROOT = iphoneos;
			};
			name = Debug;
		};
		62034B3419D0538E005EAA59 /* Release */ = {
			isa = XCBuildConfiguration;
			buildSettings = {
				ALWAYS_SEARCH_USER_PATHS = NO;
				CLANG_CXX_LANGUAGE_STANDARD = "gnu++0x";
				CLANG_CXX_LIBRARY = "libc++";
				CLANG_ENABLE_MODULES = YES;
				CLANG_ENABLE_OBJC_ARC = YES;
				CLANG_WARN_BOOL_CONVERSION = YES;
				CLANG_WARN_CONSTANT_CONVERSION = YES;
				CLANG_WARN_DIRECT_OBJC_ISA_USAGE = YES_ERROR;
				CLANG_WARN_EMPTY_BODY = YES;
				CLANG_WARN_ENUM_CONVERSION = YES;
				CLANG_WARN_INT_CONVERSION = YES;
				CLANG_WARN_OBJC_ROOT_CLASS = YES_ERROR;
				CLANG_WARN_UNREACHABLE_CODE = YES;
				CLANG_WARN__DUPLICATE_METHOD_MATCH = YES;
				"CODE_SIGN_IDENTITY[sdk=iphoneos*]" = "iPhone Developer";
				COPY_PHASE_STRIP = YES;
				ENABLE_NS_ASSERTIONS = NO;
				ENABLE_STRICT_OBJC_MSGSEND = YES;
				GCC_C_LANGUAGE_STANDARD = gnu99;
				GCC_WARN_64_TO_32_BIT_CONVERSION = YES;
				GCC_WARN_ABOUT_RETURN_TYPE = YES_ERROR;
				GCC_WARN_UNDECLARED_SELECTOR = YES;
				GCC_WARN_UNINITIALIZED_AUTOS = YES_AGGRESSIVE;
				GCC_WARN_UNUSED_FUNCTION = YES;
				GCC_WARN_UNUSED_VARIABLE = YES;
				IPHONEOS_DEPLOYMENT_TARGET = 8.0;
				MTL_ENABLE_DEBUG_INFO = NO;
				SDKROOT = iphoneos;
				VALIDATE_PRODUCT = YES;
			};
			name = Release;
		};
		62034B3619D0538E005EAA59 /* Debug */ = {
			isa = XCBuildConfiguration;
			buildSettings = {
				ASSETCATALOG_COMPILER_APPICON_NAME = AppIcon;
				INFOPLIST_FILE = "UITableViewController Challenge Solution/Info.plist";
				LD_RUNPATH_SEARCH_PATHS = "$(inherited) @executable_path/Frameworks";
				PRODUCT_NAME = "$(TARGET_NAME)";
			};
			name = Debug;
		};
		62034B3719D0538E005EAA59 /* Release */ = {
			isa = XCBuildConfiguration;
			buildSettings = {
				ASSETCATALOG_COMPILER_APPICON_NAME = AppIcon;
				INFOPLIST_FILE = "UITableViewController Challenge Solution/Info.plist";
				LD_RUNPATH_SEARCH_PATHS = "$(inherited) @executable_path/Frameworks";
				PRODUCT_NAME = "$(TARGET_NAME)";
			};
			name = Release;
		};
		62034B3919D0538E005EAA59 /* Debug */ = {
			isa = XCBuildConfiguration;
			buildSettings = {
				BUNDLE_LOADER = "$(TEST_HOST)";
				FRAMEWORK_SEARCH_PATHS = (
					"$(SDKROOT)/Developer/Library/Frameworks",
					"$(inherited)",
				);
				GCC_PREPROCESSOR_DEFINITIONS = (
					"DEBUG=1",
					"$(inherited)",
				);
				INFOPLIST_FILE = "UITableViewController Challenge SolutionTests/Info.plist";
				LD_RUNPATH_SEARCH_PATHS = "$(inherited) @executable_path/Frameworks @loader_path/Frameworks";
				PRODUCT_NAME = "$(TARGET_NAME)";
				TEST_HOST = "$(BUILT_PRODUCTS_DIR)/UITableViewController Challenge Solution.app/UITableViewController Challenge Solution";
			};
			name = Debug;
		};
		62034B3A19D0538E005EAA59 /* Release */ = {
			isa = XCBuildConfiguration;
			buildSettings = {
				BUNDLE_LOADER = "$(TEST_HOST)";
				FRAMEWORK_SEARCH_PATHS = (
					"$(SDKROOT)/Developer/Library/Frameworks",
					"$(inherited)",
				);
				INFOPLIST_FILE = "UITableViewController Challenge SolutionTests/Info.plist";
				LD_RUNPATH_SEARCH_PATHS = "$(inherited) @executable_path/Frameworks @loader_path/Frameworks";
				PRODUCT_NAME = "$(TARGET_NAME)";
				TEST_HOST = "$(BUILT_PRODUCTS_DIR)/UITableViewController Challenge Solution.app/UITableViewController Challenge Solution";
			};
			name = Release;
		};
/* End XCBuildConfiguration section */

/* Begin XCConfigurationList section */
		62034B0D19D0538E005EAA59 /* Build configuration list for PBXProject "UITableViewController Challenge Solution" */ = {
			isa = XCConfigurationList;
			buildConfigurations = (
				62034B3319D0538E005EAA59 /* Debug */,
				62034B3419D0538E005EAA59 /* Release */,
			);
			defaultConfigurationIsVisible = 0;
			defaultConfigurationName = Release;
		};
		62034B3519D0538E005EAA59 /* Build configuration list for PBXNativeTarget "UITableViewController Challenge Solution" */ = {
			isa = XCConfigurationList;
			buildConfigurations = (
				62034B3619D0538E005EAA59 /* Debug */,
				62034B3719D0538E005EAA59 /* Release */,
			);
			defaultConfigurationIsVisible = 0;
		};
		62034B3819D0538E005EAA59 /* Build configuration list for PBXNativeTarget "UITableViewController Challenge SolutionTests" */ = {
			isa = XCConfigurationList;
			buildConfigurations = (
				62034B3919D0538E005EAA59 /* Debug */,
				62034B3A19D0538E005EAA59 /* Release */,
			);
			defaultConfigurationIsVisible = 0;
		};
/* End XCConfigurationList section */
	};
	rootObject = 62034B0A19D0538E005EAA59 /* Project object */;
}
